<?xml version="1.0" encoding="utf-8"?>
<Project ToolsVersion="4.0" xmlns="http://schemas.microsoft.com/developer/msbuild/2003">
  <ItemGroup>
    <Filter Include="Source Files">
      <UniqueIdentifier>{4FC737F1-C7A5-4376-A066-2A32D752A2FF}</UniqueIdentifier>
      <Extensions>qml;cpp;c;cc;cxx;def;odl;idl;hpj;bat;asm;asmx</Extensions>
    </Filter>
    <Filter Include="Header Files">
      <UniqueIdentifier>{93995380-89BD-4b04-88EB-625FBE52EBFB}</UniqueIdentifier>
      <Extensions>h;hh;hpp;hxx;hm;inl;inc;xsd</Extensions>
    </Filter>
    <Filter Include="Resource Files">
      <UniqueIdentifier>{67DA6AB6-F800-4c08-8B7A-83BB121AAD01}</UniqueIdentifier>
      <Extensions>qrc;rc;ico;cur;bmp;dlg;rc2;rct;bin;rgs;gif;jpg;jpeg;jpe;resx;tiff;tif;png;wav;mfcribbon-ms</Extensions>
    </Filter>
    <Filter Include="Form Files">
      <UniqueIdentifier>{99349809-55BA-4b9d-BF79-8FDBB0286EB3}</UniqueIdentifier>
      <Extensions>ui</Extensions>
    </Filter>
    <Filter Include="Translation Files">
      <UniqueIdentifier>{639EADAA-A684-42e4-A9AD-28FC9BCB8F7C}</UniqueIdentifier>
      <Extensions>ts</Extensions>
    </Filter>
  </ItemGroup>
  <ItemGroup>
    <QtRcc Include="CodegenMainWindow.qrc">
      <Filter>Resource Files</Filter>
    </QtRcc>
    <QtUic Include="CodegenMainWindow.ui">
      <Filter>Form Files</Filter>
    </QtUic>
    <QtMoc Include="CodegenMainWindow.h">
      <Filter>Header Files</Filter>
    </QtMoc>
    <ClCompile Include="CodegenMainWindow.cpp">
      <Filter>Source Files</Filter>
    </ClCompile>
  </ItemGroup>
  <ItemGroup>
    <ClCompile Include="main.cpp">
      <Filter>Source Files</Filter>
    </ClCompile>
    <ClCompile Include="registry.cpp">
      <Filter>Source Files</Filter>
    </ClCompile>
    <ClCompile Include="lu\rapidxml_helpers\parsing_scaffold.cpp">
      <Filter>Source Files</Filter>
    </ClCompile>
    <ClCompile Include="struct_bitwalker.cpp">
      <Filter>Source Files</Filter>
    </ClCompile>
    <ClCompile Include="struct_bytewalker.cpp">
      <Filter>Source Files</Filter>
    </ClCompile>
    <ClCompile Include="codegen\generate_all.cpp">
      <Filter>Source Files</Filter>
    </ClCompile>
    <ClCompile Include="dumper\dump_sav.cpp">
      <Filter>Source Files</Filter>
    </ClCompile>
  </ItemGroup>
  <ItemGroup>
    <ClInclude Include="codegen\sector_generator.h">
      <Filter>Header Files</Filter>
    </ClInclude>
    <ClInclude Include="codegen\serialization_function_body.h">
      <Filter>Header Files</Filter>
    </ClInclude>
    <ClInclude Include="codegen\serialization_item.h">
      <Filter>Header Files</Filter>
    </ClInclude>
    <ClInclude Include="ast\member_types\_all.h">
      <Filter>Header Files</Filter>
    </ClInclude>
    <ClInclude Include="ast\member_types\blind_union_member.h">
      <Filter>Header Files</Filter>
    </ClInclude>
    <ClInclude Include="ast\member_types\inlined_union_member.h">
      <Filter>Header Files</Filter>
    </ClInclude>
    <ClInclude Include="ast\member_types\integral_member.h">
      <Filter>Header Files</Filter>
    </ClInclude>
    <ClInclude Include="ast\member_types\pointer_member.h">
      <Filter>Header Files</Filter>
    </ClInclude>
    <ClInclude Include="ast\member_types\string_member.h">
      <Filter>Header Files</Filter>
    </ClInclude>
    <ClInclude Include="ast\member_types\struct_member.h">
      <Filter>Header Files</Filter>
    </ClInclude>
    <ClInclude Include="ast\blind_union.h">
      <Filter>Header Files</Filter>
    </ClInclude>
    <ClInclude Include="ast\constant_definition.h">
      <Filter>Header Files</Filter>
    </ClInclude>
    <ClInclude Include="ast\heritable.h">
      <Filter>Header Files</Filter>
    </ClInclude>
    <ClInclude Include="ast\integral_constant.h">
      <Filter>Header Files</Filter>
    </ClInclude>
    <ClInclude Include="ast\integral_type.h">
      <Filter>Header Files</Filter>
    </ClInclude>
    <ClInclude Include="ast\member.h">
      <Filter>Header Files</Filter>
    </ClInclude>
    <ClInclude Include="ast\structure.h">
      <Filter>Header Files</Filter>
    </ClInclude>
    <ClInclude Include="registry.h">
      <Filter>Header Files</Filter>
    </ClInclude>
    <ClInclude Include="lu\rapidxml_helpers\for_each_attribute.h">
      <Filter>Header Files</Filter>
    </ClInclude>
    <ClInclude Include="lu\rapidxml_helpers\for_each_child_element.h">
      <Filter>Header Files</Filter>
    </ClInclude>
    <ClInclude Include="lu\rapidxml_helpers\get_attribute.h">
      <Filter>Header Files</Filter>
    </ClInclude>
    <ClInclude Include="lu\rapidxml_helpers\get_element_text_content.h">
      <Filter>Header Files</Filter>
    </ClInclude>
    <ClInclude Include="lu\rapidxml_helpers\get_sole_child_element_of_name.h">
      <Filter>Header Files</Filter>
    </ClInclude>
    <ClInclude Include="lu\rapidxml_helpers\parsing_scaffold.h">
      <Filter>Header Files</Filter>
    </ClInclude>
    <ClInclude Include="lu\strings\char_to_integer.h">
      <Filter>Header Files</Filter>
    </ClInclude>
    <ClInclude Include="lu\strings\from_integer.h">
      <Filter>Header Files</Filter>
    </ClInclude>
    <ClInclude Include="lu\strings\to_integer.h">
      <Filter>Header Files</Filter>
    </ClInclude>
    <ClInclude Include="lu\type_traits\function_traits.h">
      <Filter>Header Files</Filter>
    </ClInclude>
    <ClInclude Include="lu\singleton.h">
      <Filter>Header Files</Filter>
    </ClInclude>
    <ClInclude Include="struct_bitwalker.h">
      <Filter>Header Files</Filter>
    </ClInclude>
    <ClInclude Include="struct_bytewalker.h">
      <Filter>Header Files</Filter>
    </ClInclude>
    <ClInclude Include="lu\uint_of_size.h">
      <Filter>Header Files</Filter>
    </ClInclude>
    <ClInclude Include="lu\name_of_type.h">
      <Filter>Header Files</Filter>
    </ClInclude>
    <ClInclude Include="lu\type_traits\strip_enum.h">
      <Filter>Header Files</Filter>
    </ClInclude>
    <ClInclude Include="lu\bitstreams\exceptions\any.h">
      <Filter>Header Files</Filter>
    </ClInclude>
    <ClInclude Include="lu\bitstreams\exceptions\bad_enum_read.h">
      <Filter>Header Files</Filter>
    </ClInclude>
    <ClInclude Include="lu\bitstreams\exceptions\container_length_too_large.h">
      <Filter>Header Files</Filter>
    </ClInclude>
    <ClInclude Include="lu\bitstreams\exceptions\read_exception.h">
      <Filter>Header Files</Filter>
    </ClInclude>
    <ClInclude Include="lu\bitstreams\exceptions\read_past_end.h">
      <Filter>Header Files</Filter>
    </ClInclude>
    <ClInclude Include="lu\bitstreams\exceptions\write_exception.h">
      <Filter>Header Files</Filter>
    </ClInclude>
    <ClInclude Include="lu\bitstreams\util\bitcount_of_type.h">
      <Filter>Header Files</Filter>
    </ClInclude>
    <ClInclude Include="lu\bitstreams\util\bitpacked_primitive_type.h">
      <Filter>Header Files</Filter>
    </ClInclude>
    <ClInclude Include="lu\bitstreams\util\enum_has_contiguous_valid_values.h">
      <Filter>Header Files</Filter>
    </ClInclude>
    <ClInclude Include="lu\bitstreams\util\enum_has_explicit_bitcount_override.h">
      <Filter>Header Files</Filter>
    </ClInclude>
    <ClInclude Include="lu\bitstreams\util\enum_has_valid_values_list.h">
      <Filter>Header Files</Filter>
    </ClInclude>
    <ClInclude Include="lu\bitstreams\util\enum_type_information.h">
      <Filter>Header Files</Filter>
    </ClInclude>
    <ClInclude Include="lu\bitstreams\util\enum_valid_value_range.h">
      <Filter>Header Files</Filter>
    </ClInclude>
    <ClInclude Include="lu\bitstreams\util\memcpyable_primitive_type.h">
      <Filter>Header Files</Filter>
    </ClInclude>
    <ClInclude Include="lu\bitstreams\_base.h">
      <Filter>Header Files</Filter>
    </ClInclude>
    <ClInclude Include="lu\bitstreams\bitstreamable_container.h">
      <Filter>Header Files</Filter>
    </ClInclude>
    <ClInclude Include="lu\bitstreams\bitstreamable_primitive.h">
      <Filter>Header Files</Filter>
    </ClInclude>
    <ClInclude Include="lu\bitstreams\bitstreamable_struct.h">
      <Filter>Header Files</Filter>
    </ClInclude>
    <ClInclude Include="lu\bitstreams\enum_serialization_options.h">
      <Filter>Header Files</Filter>
    </ClInclude>
    <ClInclude Include="lu\bitstreams\override_bitcount.h">
      <Filter>Header Files</Filter>
    </ClInclude>
    <ClInclude Include="lu\bitstreams\parse_step_info.h">
      <Filter>Header Files</Filter>
    </ClInclude>
    <ClInclude Include="lu\bitstreams\position.h">
      <Filter>Header Files</Filter>
    </ClInclude>
    <ClInclude Include="lu\bitstreams\reader.h">
      <Filter>Header Files</Filter>
    </ClInclude>
    <ClInclude Include="lu\bitstreams\round_trip_test.h">
      <Filter>Header Files</Filter>
    </ClInclude>
    <ClInclude Include="lu\bitstreams\round_trip_test_scramble.h">
      <Filter>Header Files</Filter>
    </ClInclude>
    <ClInclude Include="lu\bitstreams\round_trip_test_with_targeted_scramble.h">
      <Filter>Header Files</Filter>
    </ClInclude>
    <ClInclude Include="lu\bitstreams\writer.h">
      <Filter>Header Files</Filter>
    </ClInclude>
    <ClInclude Include="lu\macros\macro_concat.h">
      <Filter>Header Files</Filter>
    </ClInclude>
    <ClInclude Include="lu\macros\macro_concat.undef.h">
      <Filter>Header Files</Filter>
    </ClInclude>
    <ClInclude Include="lu\macros\static_warning.h">
      <Filter>Header Files</Filter>
    </ClInclude>
    <ClInclude Include="lu\macros\static_warning.undef.h">
      <Filter>Header Files</Filter>
    </ClInclude>
    <ClInclude Include="codegen\struct_body_serializer.h">
      <Filter>Header Files</Filter>
    </ClInclude>
    <ClInclude Include="codegen\struct_serialization_function_generator.h">
      <Filter>Header Files</Filter>
    </ClInclude>
    <ClInclude Include="codegen\generate_all.h">
      <Filter>Header Files</Filter>
    </ClInclude>
    <ClInclude Include="dumper\dump_sav.h">
      <Filter>Header Files</Filter>
    </ClInclude>
  </ItemGroup>
  <ItemGroup>
    <None Include="codegen\sector_generator.inl">
      <Filter>Header Files</Filter>
    </None>
    <None Include="codegen\serialization_function_body.inl">
      <Filter>Header Files</Filter>
    </None>
    <None Include="codegen\serialization_item.inl">
      <Filter>Header Files</Filter>
    </None>
    <None Include="ast\member_types\blind_union_member.inl">
      <Filter>Header Files</Filter>
    </None>
    <None Include="ast\member_types\inlined_union_member.inl">
      <Filter>Header Files</Filter>
    </None>
    <None Include="ast\member_types\integral_member.inl">
      <Filter>Header Files</Filter>
    </None>
    <None Include="ast\member_types\pointer_member.inl">
      <Filter>Header Files</Filter>
    </None>
    <None Include="ast\member_types\string_member.inl">
      <Filter>Header Files</Filter>
    </None>
    <None Include="ast\member_types\struct_member.inl">
      <Filter>Header Files</Filter>
    </None>
    <None Include="ast\heritable.inl">
      <Filter>Header Files</Filter>
    </None>
    <None Include="ast\integral_type.inl">
      <Filter>Header Files</Filter>
    </None>
    <None Include="ast\member.inl">
      <Filter>Header Files</Filter>
    </None>
    <None Include="ast\structure.inl">
      <Filter>Header Files</Filter>
    </None>
    <None Include="lu\bitstreams\position.inl">
      <Filter>Header Files</Filter>
    </None>
    <None Include="lu\bitstreams\reader.inl">
      <Filter>Header Files</Filter>
    </None>
    <None Include="lu\bitstreams\writer.inl">
      <Filter>Header Files</Filter>
    </None>
    <None Include="lu\bitstreams\README.md" />
    <None Include="codegen\struct_body_serializer.inl">
      <Filter>Header Files</Filter>
    </None>
    <None Include="codegen\struct_serialization_function_generator.cpp">
      <Filter>Header Files</Filter>
    </None>
  </ItemGroup>
</Project>